// !$*UTF8*$!
{
	archiveVersion = 1;
	classes = {
	};
	objectVersion = 46;
	objects = {

/* Begin PBXBuildFile section */
		00FC625018F63E7300915CA2 /* Foundation.framework in Frameworks */ = {isa = PBXBuildFile; fileRef = 00FC624F18F63E7300915CA2 /* Foundation.framework */; };
		00FC625218F63E7300915CA2 /* CoreGraphics.framework in Frameworks */ = {isa = PBXBuildFile; fileRef = 00FC625118F63E7300915CA2 /* CoreGraphics.framework */; };
		00FC625418F63E7300915CA2 /* UIKit.framework in Frameworks */ = {isa = PBXBuildFile; fileRef = 00FC625318F63E7300915CA2 /* UIKit.framework */; };
		00FC625A18F63E7300915CA2 /* InfoPlist.strings in Resources */ = {isa = PBXBuildFile; fileRef = 00FC625818F63E7300915CA2 /* InfoPlist.strings */; };
		00FC625C18F63E7300915CA2 /* main.m in Sources */ = {isa = PBXBuildFile; fileRef = 00FC625B18F63E7300915CA2 /* main.m */; };
		00FC626018F63E7300915CA2 /* AppDelegate.m in Sources */ = {isa = PBXBuildFile; fileRef = 00FC625F18F63E7300915CA2 /* AppDelegate.m */; };
		00FC626318F63E7300915CA2 /* Main.storyboard in Resources */ = {isa = PBXBuildFile; fileRef = 00FC626118F63E7300915CA2 /* Main.storyboard */; };
		00FC626618F63E7300915CA2 /* ViewController.m in Sources */ = {isa = PBXBuildFile; fileRef = 00FC626518F63E7300915CA2 /* ViewController.m */; };
		00FC626818F63E7300915CA2 /* Images.xcassets in Resources */ = {isa = PBXBuildFile; fileRef = 00FC626718F63E7300915CA2 /* Images.xcassets */; };
		00FC626F18F63E7300915CA2 /* XCTest.framework in Frameworks */ = {isa = PBXBuildFile; fileRef = 00FC626E18F63E7300915CA2 /* XCTest.framework */; };
		00FC627018F63E7300915CA2 /* Foundation.framework in Frameworks */ = {isa = PBXBuildFile; fileRef = 00FC624F18F63E7300915CA2 /* Foundation.framework */; };
		00FC627118F63E7300915CA2 /* UIKit.framework in Frameworks */ = {isa = PBXBuildFile; fileRef = 00FC625318F63E7300915CA2 /* UIKit.framework */; };
		00FC627918F63E7300915CA2 /* InfoPlist.strings in Resources */ = {isa = PBXBuildFile; fileRef = 00FC627718F63E7300915CA2 /* InfoPlist.strings */; };
		00FC627B18F63E7300915CA2 /* PNRStatusCheckTests.m in Sources */ = {isa = PBXBuildFile; fileRef = 00FC627A18F63E7300915CA2 /* PNRStatusCheckTests.m */; };
/* End PBXBuildFile section */

/* Begin PBXContainerItemProxy section */
		00FC627218F63E7300915CA2 /* PBXContainerItemProxy */ = {
			isa = PBXContainerItemProxy;
			containerPortal = 00FC624418F63E7300915CA2 /* Project object */;
			proxyType = 1;
			remoteGlobalIDString = 00FC624B18F63E7300915CA2;
			remoteInfo = PNRStatusCheck;
		};
/* End PBXContainerItemProxy section */

/* Begin PBXFileReference section */
		00FC624C18F63E7300915CA2 /* PNRStatusCheck.app */ = {isa = PBXFileReference; explicitFileType = wrapper.application; includeInIndex = 0; path = PNRStatusCheck.app; sourceTree = BUILT_PRODUCTS_DIR; };
		00FC624F18F63E7300915CA2 /* Foundation.framework */ = {isa = PBXFileReference; lastKnownFileType = wrapper.framework; name = Foundation.framework; path = System/Library/Frameworks/Foundation.framework; sourceTree = SDKROOT; };
		00FC625118F63E7300915CA2 /* CoreGraphics.framework */ = {isa = PBXFileReference; lastKnownFileType = wrapper.framework; name = CoreGraphics.framework; path = System/Library/Frameworks/CoreGraphics.framework; sourceTree = SDKROOT; };
		00FC625318F63E7300915CA2 /* UIKit.framework */ = {isa = PBXFileReference; lastKnownFileType = wrapper.framework; name = UIKit.framework; path = System/Library/Frameworks/UIKit.framework; sourceTree = SDKROOT; };
		00FC625718F63E7300915CA2 /* PNRStatusCheck-Info.plist */ = {isa = PBXFileReference; lastKnownFileType = text.plist.xml; path = "PNRStatusCheck-Info.plist"; sourceTree = "<group>"; };
		00FC625918F63E7300915CA2 /* en */ = {isa = PBXFileReference; lastKnownFileType = text.plist.strings; name = en; path = en.lproj/InfoPlist.strings; sourceTree = "<group>"; };
		00FC625B18F63E7300915CA2 /* main.m */ = {isa = PBXFileReference; lastKnownFileType = sourcecode.c.objc; path = main.m; sourceTree = "<group>"; };
		00FC625D18F63E7300915CA2 /* PNRStatusCheck-Prefix.pch */ = {isa = PBXFileReference; lastKnownFileType = sourcecode.c.h; path = "PNRStatusCheck-Prefix.pch"; sourceTree = "<group>"; };
		00FC625E18F63E7300915CA2 /* AppDelegate.h */ = {isa = PBXFileReference; lastKnownFileType = sourcecode.c.h; path = AppDelegate.h; sourceTree = "<group>"; };
		00FC625F18F63E7300915CA2 /* AppDelegate.m */ = {isa = PBXFileReference; lastKnownFileType = sourcecode.c.objc; path = AppDelegate.m; sourceTree = "<group>"; };
		00FC626218F63E7300915CA2 /* Base */ = {isa = PBXFileReference; lastKnownFileType = file.storyboard; name = Base; path = Base.lproj/Main.storyboard; sourceTree = "<group>"; };
		00FC626418F63E7300915CA2 /* ViewController.h */ = {isa = PBXFileReference; lastKnownFileType = sourcecode.c.h; path = ViewController.h; sourceTree = "<group>"; };
		00FC626518F63E7300915CA2 /* ViewController.m */ = {isa = PBXFileReference; lastKnownFileType = sourcecode.c.objc; path = ViewController.m; sourceTree = "<group>"; };
		00FC626718F63E7300915CA2 /* Images.xcassets */ = {isa = PBXFileReference; lastKnownFileType = folder.assetcatalog; path = Images.xcassets; sourceTree = "<group>"; };
		00FC626D18F63E7300915CA2 /* PNRStatusCheckTests.xctest */ = {isa = PBXFileReference; explicitFileType = wrapper.cfbundle; includeInIndex = 0; path = PNRStatusCheckTests.xctest; sourceTree = BUILT_PRODUCTS_DIR; };
		00FC626E18F63E7300915CA2 /* XCTest.framework */ = {isa = PBXFileReference; lastKnownFileType = wrapper.framework; name = XCTest.framework; path = Library/Frameworks/XCTest.framework; sourceTree = DEVELOPER_DIR; };
		00FC627618F63E7300915CA2 /* PNRStatusCheckTests-Info.plist */ = {isa = PBXFileReference; lastKnownFileType = text.plist.xml; path = "PNRStatusCheckTests-Info.plist"; sourceTree = "<group>"; };
		00FC627818F63E7300915CA2 /* en */ = {isa = PBXFileReference; lastKnownFileType = text.plist.strings; name = en; path = en.lproj/InfoPlist.strings; sourceTree = "<group>"; };
		00FC627A18F63E7300915CA2 /* PNRStatusCheckTests.m */ = {isa = PBXFileReference; lastKnownFileType = sourcecode.c.objc; path = PNRStatusCheckTests.m; sourceTree = "<group>"; };
/* End PBXFileReference section */

/* Begin PBXFrameworksBuildPhase section */
		00FC624918F63E7300915CA2 /* Frameworks */ = {
			isa = PBXFrameworksBuildPhase;
			buildActionMask = 2147483647;
			files = (
				00FC625218F63E7300915CA2 /* CoreGraphics.framework in Frameworks */,
				00FC625418F63E7300915CA2 /* UIKit.framework in Frameworks */,
				00FC625018F63E7300915CA2 /* Foundation.framework in Frameworks */,
			);
			runOnlyForDeploymentPostprocessing = 0;
		};
		00FC626A18F63E7300915CA2 /* Frameworks */ = {
			isa = PBXFrameworksBuildPhase;
			buildActionMask = 2147483647;
			files = (
				00FC626F18F63E7300915CA2 /* XCTest.framework in Frameworks */,
				00FC627118F63E7300915CA2 /* UIKit.framework in Frameworks */,
				00FC627018F63E7300915CA2 /* Foundation.framework in Frameworks */,
			);
			runOnlyForDeploymentPostprocessing = 0;
		};
/* End PBXFrameworksBuildPhase section */

/* Begin PBXGroup section */
		00FC624318F63E7300915CA2 = {
			isa = PBXGroup;
			children = (
				00FC625518F63E7300915CA2 /* PNRStatusCheck */,
				00FC627418F63E7300915CA2 /* PNRStatusCheckTests */,
				00FC624E18F63E7300915CA2 /* Frameworks */,
				00FC624D18F63E7300915CA2 /* Products */,
			);
			sourceTree = "<group>";
		};
		00FC624D18F63E7300915CA2 /* Products */ = {
			isa = PBXGroup;
			children = (
				00FC624C18F63E7300915CA2 /* PNRStatusCheck.app */,
				00FC626D18F63E7300915CA2 /* PNRStatusCheckTests.xctest */,
			);
			name = Products;
			sourceTree = "<group>";
		};
		00FC624E18F63E7300915CA2 /* Frameworks */ = {
			isa = PBXGroup;
			children = (
				00FC624F18F63E7300915CA2 /* Foundation.framework */,
				00FC625118F63E7300915CA2 /* CoreGraphics.framework */,
				00FC625318F63E7300915CA2 /* UIKit.framework */,
				00FC626E18F63E7300915CA2 /* XCTest.framework */,
			);
			name = Frameworks;
			sourceTree = "<group>";
		};
		00FC625518F63E7300915CA2 /* PNRStatusCheck */ = {
			isa = PBXGroup;
			children = (
				00FC625E18F63E7300915CA2 /* AppDelegate.h */,
				00FC625F18F63E7300915CA2 /* AppDelegate.m */,
				00FC626118F63E7300915CA2 /* Main.storyboard */,
				00FC626418F63E7300915CA2 /* ViewController.h */,
				00FC626518F63E7300915CA2 /* ViewController.m */,
				00FC626718F63E7300915CA2 /* Images.xcassets */,
				00FC625618F63E7300915CA2 /* Supporting Files */,
			);
			path = PNRStatusCheck;
			sourceTree = "<group>";
		};
		00FC625618F63E7300915CA2 /* Supporting Files */ = {
			isa = PBXGroup;
			children = (
				00FC625718F63E7300915CA2 /* PNRStatusCheck-Info.plist */,
				00FC625818F63E7300915CA2 /* InfoPlist.strings */,
				00FC625B18F63E7300915CA2 /* main.m */,
				00FC625D18F63E7300915CA2 /* PNRStatusCheck-Prefix.pch */,
			);
			name = "Supporting Files";
			sourceTree = "<group>";
		};
		00FC627418F63E7300915CA2 /* PNRStatusCheckTests */ = {
			isa = PBXGroup;
			children = (
				00FC627A18F63E7300915CA2 /* PNRStatusCheckTests.m */,
				00FC627518F63E7300915CA2 /* Supporting Files */,
			);
			path = PNRStatusCheckTests;
			sourceTree = "<group>";
		};
		00FC627518F63E7300915CA2 /* Supporting Files */ = {
			isa = PBXGroup;
			children = (
				00FC627618F63E7300915CA2 /* PNRStatusCheckTests-Info.plist */,
				00FC627718F63E7300915CA2 /* InfoPlist.strings */,
			);
			name = "Supporting Files";
			sourceTree = "<group>";
		};
/* End PBXGroup section */

/* Begin PBXNativeTarget section */
		00FC624B18F63E7300915CA2 /* PNRStatusCheck */ = {
			isa = PBXNativeTarget;
			buildConfigurationList = 00FC627E18F63E7300915CA2 /* Build configuration list for PBXNativeTarget "PNRStatusCheck" */;
			buildPhases = (
				00FC624818F63E7300915CA2 /* Sources */,
				00FC624918F63E7300915CA2 /* Frameworks */,
				00FC624A18F63E7300915CA2 /* Resources */,
			);
			buildRules = (
			);
			dependencies = (
			);
			name = PNRStatusCheck;
			productName = PNRStatusCheck;
			productReference = 00FC624C18F63E7300915CA2 /* PNRStatusCheck.app */;
			productType = "com.apple.product-type.application";
		};
		00FC626C18F63E7300915CA2 /* PNRStatusCheckTests */ = {
			isa = PBXNativeTarget;
			buildConfigurationList = 00FC628118F63E7300915CA2 /* Build configuration list for PBXNativeTarget "PNRStatusCheckTests" */;
			buildPhases = (
				00FC626918F63E7300915CA2 /* Sources */,
				00FC626A18F63E7300915CA2 /* Frameworks */,
				00FC626B18F63E7300915CA2 /* Resources */,
			);
			buildRules = (
			);
			dependencies = (
				00FC627318F63E7300915CA2 /* PBXTargetDependency */,
			);
			name = PNRStatusCheckTests;
			productName = PNRStatusCheckTests;
			productReference = 00FC626D18F63E7300915CA2 /* PNRStatusCheckTests.xctest */;
			productType = "com.apple.product-type.bundle.unit-test";
		};
/* End PBXNativeTarget section */

/* Begin PBXProject section */
		00FC624418F63E7300915CA2 /* Project object */ = {
			isa = PBXProject;
			attributes = {
				LastUpgradeCheck = 0510;
				ORGANIZATIONNAME = PunitShah;
				TargetAttributes = {
					00FC626C18F63E7300915CA2 = {
						TestTargetID = 00FC624B18F63E7300915CA2;
					};
				};
			};
			buildConfigurationList = 00FC624718F63E7300915CA2 /* Build configuration list for PBXProject "PNRStatusCheck" */;
			compatibilityVersion = "Xcode 3.2";
			developmentRegion = English;
			hasScannedForEncodings = 0;
			knownRegions = (
				en,
				Base,
			);
			mainGroup = 00FC624318F63E7300915CA2;
			productRefGroup = 00FC624D18F63E7300915CA2 /* Products */;
			projectDirPath = "";
			projectRoot = "";
			targets = (
				00FC624B18F63E7300915CA2 /* PNRStatusCheck */,
				00FC626C18F63E7300915CA2 /* PNRStatusCheckTests */,
			);
		};
/* End PBXProject section */

/* Begin PBXResourcesBuildPhase section */
		00FC624A18F63E7300915CA2 /* Resources */ = {
			isa = PBXResourcesBuildPhase;
			buildActionMask = 2147483647;
			files = (
				00FC626818F63E7300915CA2 /* Images.xcassets in Resources */,
				00FC625A18F63E7300915CA2 /* InfoPlist.strings in Resources */,
				00FC626318F63E7300915CA2 /* Main.storyboard in Resources */,
			);
			runOnlyForDeploymentPostprocessing = 0;
		};
		00FC626B18F63E7300915CA2 /* Resources */ = {
			isa = PBXResourcesBuildPhase;
			buildActionMask = 2147483647;
			files = (
				00FC627918F63E7300915CA2 /* InfoPlist.strings in Resources */,
			);
			runOnlyForDeploymentPostprocessing = 0;
		};
/* End PBXResourcesBuildPhase section */

/* Begin PBXSourcesBuildPhase section */
		00FC624818F63E7300915CA2 /* Sources */ = {
			isa = PBXSourcesBuildPhase;
			buildActionMask = 2147483647;
			files = (
				00FC626618F63E7300915CA2 /* ViewController.m in Sources */,
				00FC626018F63E7300915CA2 /* AppDelegate.m in Sources */,
				00FC625C18F63E7300915CA2 /* main.m in Sources */,
			);
			runOnlyForDeploymentPostprocessing = 0;
		};
		00FC626918F63E7300915CA2 /* Sources */ = {
			isa = PBXSourcesBuildPhase;
			buildActionMask = 2147483647;
			files = (
				00FC627B18F63E7300915CA2 /* PNRStatusCheckTests.m in Sources */,
			);
			runOnlyForDeploymentPostprocessing = 0;
		};
/* End PBXSourcesBuildPhase section */

/* Begin PBXTargetDependency section */
		00FC627318F63E7300915CA2 /* PBXTargetDependency */ = {
			isa = PBXTargetDependency;
			target = 00FC624B18F63E7300915CA2 /* PNRStatusCheck */;
			targetProxy = 00FC627218F63E7300915CA2 /* PBXContainerItemProxy */;
		};
/* End PBXTargetDependency section */

/* Begin PBXVariantGroup section */
		00FC625818F63E7300915CA2 /* InfoPlist.strings */ = {
			isa = PBXVariantGroup;
			children = (
				00FC625918F63E7300915CA2 /* en */,
			);
			name = InfoPlist.strings;
			sourceTree = "<group>";
		};
		00FC626118F63E7300915CA2 /* Main.storyboard */ = {
			isa = PBXVariantGroup;
			children = (
				00FC626218F63E7300915CA2 /* Base */,
			);
			name = Main.storyboard;
			sourceTree = "<group>";
		};
		00FC627718F63E7300915CA2 /* InfoPlist.strings */ = {
			isa = PBXVariantGroup;
			children = (
				00FC627818F63E7300915CA2 /* en */,
			);
			name = InfoPlist.strings;
			sourceTree = "<group>";
		};
/* End PBXVariantGroup section */

/* Begin XCBuildConfiguration section */
		00FC627C18F63E7300915CA2 /* Debug */ = {
			isa = XCBuildConfiguration;
			buildSettings = {
				ALWAYS_SEARCH_USER_PATHS = NO;
				CLANG_CXX_LANGUAGE_STANDARD = "gnu++0x";
				CLANG_CXX_LIBRARY = "libc++";
				CLANG_ENABLE_MODULES = YES;
				CLANG_ENABLE_OBJC_ARC = YES;
				CLANG_WARN_BOOL_CONVERSION = YES;
				CLANG_WARN_CONSTANT_CONVERSION = YES;
				CLANG_WARN_DIRECT_OBJC_ISA_USAGE = YES_ERROR;
				CLANG_WARN_EMPTY_BODY = YES;
				CLANG_WARN_ENUM_CONVERSION = YES;
				CLANG_WARN_INT_CONVERSION = YES;
				CLANG_WARN_OBJC_ROOT_CLASS = YES_ERROR;
				CLANG_WARN__DUPLICATE_METHOD_MATCH = YES;
				"CODE_SIGN_IDENTITY[sdk=iphoneos*]" = "iPhone Developer";
				COPY_PHASE_STRIP = NO;
				GCC_C_LANGUAGE_STANDARD = gnu99;
				GCC_DYNAMIC_NO_PIC = NO;
				GCC_OPTIMIZATION_LEVEL = 0;
				GCC_PREPROCESSOR_DEFINITIONS = (
					"DEBUG=1",
					"$(inherited)",
				);
				GCC_SYMBOLS_PRIVATE_EXTERN = NO;
				GCC_WARN_64_TO_32_BIT_CONVERSION = YES;
				GCC_WARN_ABOUT_RETURN_TYPE = YES_ERROR;
				GCC_WARN_UNDECLARED_SELECTOR = YES;
				GCC_WARN_UNINITIALIZED_AUTOS = YES_AGGRESSIVE;
				GCC_WARN_UNUSED_FUNCTION = YES;
				GCC_WARN_UNUSED_VARIABLE = YES;
				IPHONEOS_DEPLOYMENT_TARGET = 7.1;
				ONLY_ACTIVE_ARCH = YES;
				SDKROOT = iphoneos;
			};
			name = Debug;
		};
		00FC627D18F63E7300915CA2 /* Release */ = {
			isa = XCBuildConfiguration;
			buildSettings = {
				ALWAYS_SEARCH_USER_PATHS = NO;
				CLANG_CXX_LANGUAGE_STANDARD = "gnu++0x";
				CLANG_CXX_LIBRARY = "libc++";
				CLANG_ENABLE_MODULES = YES;
				CLANG_ENABLE_OBJC_ARC = YES;
				CLANG_WARN_BOOL_CONVERSION = YES;
				CLANG_WARN_CONSTANT_CONVERSION = YES;
				CLANG_WARN_DIRECT_OBJC_ISA_USAGE = YES_ERROR;
				CLANG_WARN_EMPTY_BODY = YES;
				CLANG_WARN_ENUM_CONVERSION = YES;
				CLANG_WARN_INT_CONVERSION = YES;
				CLANG_WARN_OBJC_ROOT_CLASS = YES_ERROR;
				CLANG_WARN__DUPLICATE_METHOD_MATCH = YES;
				"CODE_SIGN_IDENTITY[sdk=iphoneos*]" = "iPhone Developer";
				COPY_PHASE_STRIP = YES;
				ENABLE_NS_ASSERTIONS = NO;
				GCC_C_LANGUAGE_STANDARD = gnu99;
				GCC_WARN_64_TO_32_BIT_CONVERSION = YES;
				GCC_WARN_ABOUT_RETURN_TYPE = YES_ERROR;
				GCC_WARN_UNDECLARED_SELECTOR = YES;
				GCC_WARN_UNINITIALIZED_AUTOS = YES_AGGRESSIVE;
				GCC_WARN_UNUSED_FUNCTION = YES;
				GCC_WARN_UNUSED_VARIABLE = YES;
				IPHONEOS_DEPLOYMENT_TARGET = 7.1;
				SDKROOT = iphoneos;
				VALIDATE_PRODUCT = YES;
			};
			name = Release;
		};
		00FC627F18F63E7300915CA2 /* Debug */ = {
			isa = XCBuildConfiguration;
			buildSettings = {
				ASSETCATALOG_COMPILER_APPICON_NAME = AppIcon;
				ASSETCATALOG_COMPILER_LAUNCHIMAGE_NAME = LaunchImage;
				GCC_PRECOMPILE_PREFIX_HEADER = YES;
				GCC_PREFIX_HEADER = "PNRStatusCheck/PNRStatusCheck-Prefix.pch";
				INFOPLIST_FILE = "PNRStatusCheck/PNRStatusCheck-Info.plist";
				PRODUCT_NAME = "$(TARGET_NAME)";
				WRAPPER_EXTENSION = app;
			};
			name = Debug;
		};
		00FC628018F63E7300915CA2 /* Release */ = {
			isa = XCBuildConfiguration;
			buildSettings = {
				ASSETCATALOG_COMPILER_APPICON_NAME = AppIcon;
				ASSETCATALOG_COMPILER_LAUNCHIMAGE_NAME = LaunchImage;
				GCC_PRECOMPILE_PREFIX_HEADER = YES;
				GCC_PREFIX_HEADER = "PNRStatusCheck/PNRStatusCheck-Prefix.pch";
				INFOPLIST_FILE = "PNRStatusCheck/PNRStatusCheck-Info.plist";
				PRODUCT_NAME = "$(TARGET_NAME)";
				WRAPPER_EXTENSION = app;
			};
			name = Release;
		};
		00FC628218F63E7300915CA2 /* Debug */ = {
			isa = XCBuildConfiguration;
			buildSettings = {
				BUNDLE_LOADER = "$(BUILT_PRODUCTS_DIR)/PNRStatusCheck.app/PNRStatusCheck";
				FRAMEWORK_SEARCH_PATHS = (
					"$(SDKROOT)/Developer/Library/Frameworks",
					"$(inherited)",
					"$(DEVELOPER_FRAMEWORKS_DIR)",
				);
				GCC_PRECOMPILE_PREFIX_HEADER = YES;
				GCC_PREFIX_HEADER = "PNRStatusCheck/PNRStatusCheck-Prefix.pch";
				GCC_PREPROCESSOR_DEFINITIONS = (
					"DEBUG=1",
					"$(inherited)",
				);
				INFOPLIST_FILE = "PNRStatusCheckTests/PNRStatusCheckTests-Info.plist";
				PRODUCT_NAME = "$(TARGET_NAME)";
				TEST_HOST = "$(BUNDLE_LOADER)";
				WRAPPER_EXTENSION = xctest;
			};
			name = Debug;
		};
		00FC628318F63E7300915CA2 /* Release */ = {
			isa = XCBuildConfiguration;
			buildSettings = {
				BUNDLE_LOADER = "$(BUILT_PRODUCTS_DIR)/PNRStatusCheck.app/PNRStatusCheck";
				FRAMEWORK_SEARCH_PATHS = (
					"$(SDKROOT)/Developer/Library/Frameworks",
					"$(inherited)",
					"$(DEVELOPER_FRAMEWORKS_DIR)",
				);
				GCC_PRECOMPILE_PREFIX_HEADER = YES;
				GCC_PREFIX_HEADER = "PNRStatusCheck/PNRStatusCheck-Prefix.pch";
				INFOPLIST_FILE = "PNRStatusCheckTests/PNRStatusCheckTests-Info.plist";
				PRODUCT_NAME = "$(TARGET_NAME)";
				TEST_HOST = "$(BUNDLE_LOADER)";
				WRAPPER_EXTENSION = xctest;
			};
			name = Release;
		};
/* End XCBuildConfiguration section */

/* Begin XCConfigurationList section */
		00FC624718F63E7300915CA2 /* Build configuration list for PBXProject "PNRStatusCheck" */ = {
			isa = XCConfigurationList;
			buildConfigurations = (
				00FC627C18F63E7300915CA2 /* Debug */,
				00FC627D18F63E7300915CA2 /* Release */,
			);
			defaultConfigurationIsVisible = 0;
			defaultConfigurationName = Release;
		};
		00FC627E18F63E7300915CA2 /* Build configuration list for PBXNativeTarget "PNRStatusCheck" */ = {
			isa = XCConfigurationList;
			buildConfigurations = (
				00FC627F18F63E7300915CA2 /* Debug */,
				00FC628018F63E7300915CA2 /* Release */,
			);
			defaultConfigurationIsVisible = 0;
		};
		00FC628118F63E7300915CA2 /* Build configuration list for PBXNativeTarget "PNRStatusCheckTests" */ = {
			isa = XCConfigurationList;
			buildConfigurations = (
				00FC628218F63E7300915CA2 /* Debug */,
				00FC628318F63E7300915CA2 /* Release */,
			);
			defaultConfigurationIsVisible = 0;
		};
/* End XCConfigurationList section */
	};
	rootObject = 00FC624418F63E7300915CA2 /* Project object */;
}
